{
  "projects": [
    {
      "projectId": "3SwC2F4BeXucfS9cpFbd24",
      "version": "13.1.0",
      "dependencies": {},
      "lang": "js",
      "fileLocks": [
        {
          "type": "globalVariant",
          "assetId": "K7Rqgqmh9OYf",
          "checksum": "892469416405339d99cee1cb16120ffe"
        },
        {
          "assetId": "3SwC2F4BeXucfS9cpFbd24",
          "type": "projectCss",
          "checksum": "878e08862b89c235c0ab00d4fb0093bd"
        },
        {
          "type": "renderModule",
          "assetId": "1HNoA3RGWknK",
          "checksum": "b94de7b3e9a5a6f7248fdcd8187b4e70"
        },
        {
          "type": "cssRules",
          "assetId": "1HNoA3RGWknK",
          "checksum": "b94de7b3e9a5a6f7248fdcd8187b4e70"
        },
        {
          "type": "renderModule",
          "assetId": "QL_hAqdWKc",
          "checksum": "9d6d51b1f5ea2c95ff0cf1149148064b"
        },
        {
          "type": "cssRules",
          "assetId": "QL_hAqdWKc",
          "checksum": "9d6d51b1f5ea2c95ff0cf1149148064b"
        },
        {
          "type": "renderModule",
          "assetId": "QaipWgLIw8",
          "checksum": "4f1bc4369051119837de686534add62b"
        },
        {
          "type": "cssRules",
          "assetId": "QaipWgLIw8",
          "checksum": "4f1bc4369051119837de686534add62b"
        },
        {
          "type": "renderModule",
          "assetId": "Ds50KhWxRf",
          "checksum": "dfa754e64f59c49c2e9877acf318771c"
        },
        {
          "type": "cssRules",
          "assetId": "Ds50KhWxRf",
          "checksum": "dfa754e64f59c49c2e9877acf318771c"
        },
        {
          "type": "renderModule",
          "assetId": "41plLt4nRZ",
          "checksum": "c5dcf1cef07f2f1946a83ada2b9a6cbc"
        },
        {
          "type": "cssRules",
          "assetId": "41plLt4nRZ",
          "checksum": "c5dcf1cef07f2f1946a83ada2b9a6cbc"
        },
        {
          "type": "renderModule",
          "assetId": "YnVQB3eyyN",
          "checksum": "5be76915cbb033918233d8b2d1f476a9"
        },
        {
          "type": "cssRules",
          "assetId": "YnVQB3eyyN",
          "checksum": "5be76915cbb033918233d8b2d1f476a9"
        },
        {
          "type": "renderModule",
          "assetId": "AfVvaVT7MR",
          "checksum": "80453483c23be8ee56499ec7ba923a72"
        },
        {
          "type": "cssRules",
          "assetId": "AfVvaVT7MR",
          "checksum": "80453483c23be8ee56499ec7ba923a72"
        },
        {
          "type": "renderModule",
          "assetId": "1MFPRU1oT6",
          "checksum": "968d7e14a63fc655ced511c60f403ef6"
        },
        {
          "type": "cssRules",
          "assetId": "1MFPRU1oT6",
          "checksum": "968d7e14a63fc655ced511c60f403ef6"
        },
        {
          "type": "renderModule",
          "assetId": "kEOdDr29tw",
          "checksum": "6a0abbd7bd21a4eb664a0535775620a3"
        },
        {
          "type": "cssRules",
          "assetId": "kEOdDr29tw",
          "checksum": "6a0abbd7bd21a4eb664a0535775620a3"
        },
        {
          "type": "renderModule",
          "assetId": "i6d1wKllYf9",
          "checksum": "00eac0c443cd827ccc92669337522f27"
        },
        {
          "type": "cssRules",
          "assetId": "i6d1wKllYf9",
          "checksum": "00eac0c443cd827ccc92669337522f27"
        },
        {
          "type": "renderModule",
          "assetId": "imX9BlF4Uj8",
          "checksum": "c63de9c6880e6152da8002b29e649f3b"
        },
        {
          "type": "cssRules",
          "assetId": "imX9BlF4Uj8",
          "checksum": "c63de9c6880e6152da8002b29e649f3b"
        },
        {
          "type": "renderModule",
          "assetId": "2eOBL4VENE9",
          "checksum": "a6dcaf9184bfb05a6f3697f42b583959"
        },
        {
          "type": "cssRules",
          "assetId": "2eOBL4VENE9",
          "checksum": "a6dcaf9184bfb05a6f3697f42b583959"
        },
        {
          "type": "renderModule",
          "assetId": "Rjx0SznpO8x",
          "checksum": "53c31e1ec3d6af9c767d5947470a8166"
        },
        {
          "type": "cssRules",
          "assetId": "Rjx0SznpO8x",
          "checksum": "53c31e1ec3d6af9c767d5947470a8166"
        },
        {
          "type": "renderModule",
          "assetId": "3XNBWGhrQYp",
          "checksum": "df789d1ffddadf615aa8f8a9634f98c3"
        },
        {
          "type": "cssRules",
          "assetId": "3XNBWGhrQYp",
          "checksum": "df789d1ffddadf615aa8f8a9634f98c3"
        },
        {
          "type": "renderModule",
          "assetId": "sZ2hF1JP9pZ",
          "checksum": "786e191aa57d9fe8fb282bbfdf001da7"
        },
        {
          "type": "cssRules",
          "assetId": "sZ2hF1JP9pZ",
          "checksum": "786e191aa57d9fe8fb282bbfdf001da7"
        },
        {
          "type": "renderModule",
          "assetId": "y61Y3cT5trU",
          "checksum": "df3c01049d0aaf23de45b384f11eb4e3"
        },
        {
          "type": "cssRules",
          "assetId": "y61Y3cT5trU",
          "checksum": "df3c01049d0aaf23de45b384f11eb4e3"
        },
        {
          "type": "renderModule",
          "assetId": "e-zwD-1wQRG",
          "checksum": "e28ddfae1d325369aa548b09c9e3568b"
        },
        {
          "type": "cssRules",
          "assetId": "e-zwD-1wQRG",
          "checksum": "e28ddfae1d325369aa548b09c9e3568b"
        },
        {
          "type": "renderModule",
          "assetId": "MA4bVcmaSsw",
          "checksum": "294e61cbaa6bd64cdbdcdd5262e5c728"
        },
        {
          "type": "cssRules",
          "assetId": "MA4bVcmaSsw",
          "checksum": "294e61cbaa6bd64cdbdcdd5262e5c728"
        },
        {
          "type": "renderModule",
          "assetId": "XBw1Lgr7lQD",
          "checksum": "a99b0798f55eda0f8722010941a08a36"
        },
        {
          "type": "cssRules",
          "assetId": "XBw1Lgr7lQD",
          "checksum": "a99b0798f55eda0f8722010941a08a36"
        },
        {
          "type": "renderModule",
          "assetId": "18w6Cg8-8R8",
          "checksum": "fac9e2eb35ae70be88c24938aca2d8e9"
        },
        {
          "type": "cssRules",
          "assetId": "18w6Cg8-8R8",
          "checksum": "fac9e2eb35ae70be88c24938aca2d8e9"
        },
        {
          "type": "renderModule",
          "assetId": "qZnnGE7HkYG",
          "checksum": "9580b2b2691cf74c5518b7d0d59bce39"
        },
        {
          "type": "cssRules",
          "assetId": "qZnnGE7HkYG",
          "checksum": "9580b2b2691cf74c5518b7d0d59bce39"
        },
        {
          "type": "renderModule",
          "assetId": "2GvVfBT0STM",
          "checksum": "f6d1ef4bac6fed828c15d188de396f70"
        },
        {
          "type": "cssRules",
          "assetId": "2GvVfBT0STM",
          "checksum": "f6d1ef4bac6fed828c15d188de396f70"
        },
        {
          "type": "renderModule",
          "assetId": "DRp_-yK5MNO",
          "checksum": "2807d24f4ad46a21e0cb6a16b0f37bfd"
        },
        {
          "type": "cssRules",
          "assetId": "DRp_-yK5MNO",
          "checksum": "2807d24f4ad46a21e0cb6a16b0f37bfd"
        },
        {
          "type": "renderModule",
          "assetId": "68MguUIjb_J",
          "checksum": "3bfd47c77f511ffa93b943bb00c2aa73"
        },
        {
          "type": "cssRules",
          "assetId": "68MguUIjb_J",
          "checksum": "3bfd47c77f511ffa93b943bb00c2aa73"
        },
        {
          "type": "renderModule",
          "assetId": "CkgoUikSrtH",
          "checksum": "272ee0924284663cbb28c8e3c8795b5d"
        },
        {
          "type": "cssRules",
          "assetId": "CkgoUikSrtH",
          "checksum": "272ee0924284663cbb28c8e3c8795b5d"
        },
        {
          "type": "renderModule",
          "assetId": "_J0GKW5UfD",
          "checksum": "01bd409d2dac5ef0453c173915f9f871"
        },
        {
          "type": "cssRules",
          "assetId": "_J0GKW5UfD",
          "checksum": "01bd409d2dac5ef0453c173915f9f871"
        },
        {
          "type": "renderModule",
          "assetId": "IaLiG14Rft",
          "checksum": "06bbae8eb4b4cb566952df5604d96e96"
        },
        {
          "type": "cssRules",
          "assetId": "IaLiG14Rft",
          "checksum": "06bbae8eb4b4cb566952df5604d96e96"
        },
        {
          "type": "renderModule",
          "assetId": "6sL1mv-UpYN",
          "checksum": "99c08a2343fa7ffbd0a183d641ed77dd"
        },
        {
          "type": "cssRules",
          "assetId": "6sL1mv-UpYN",
          "checksum": "99c08a2343fa7ffbd0a183d641ed77dd"
        },
        {
          "type": "renderModule",
          "assetId": "sf7ZQXAWpm2",
          "checksum": "e287325a6326316a498ed7fdffff24b4"
        },
        {
          "type": "cssRules",
          "assetId": "sf7ZQXAWpm2",
          "checksum": "e287325a6326316a498ed7fdffff24b4"
        },
        {
          "type": "renderModule",
          "assetId": "n_i8KKxAL4",
          "checksum": "81ac127fdc4d6bf9b90a42f70296399e"
        },
        {
          "type": "cssRules",
          "assetId": "n_i8KKxAL4",
          "checksum": "81ac127fdc4d6bf9b90a42f70296399e"
        },
        {
          "type": "renderModule",
          "assetId": "cmWRjF4k6DZ",
          "checksum": "229204b2d5b7b23ad759fd7032d7feea"
        },
        {
          "type": "cssRules",
          "assetId": "cmWRjF4k6DZ",
          "checksum": "229204b2d5b7b23ad759fd7032d7feea"
        },
        {
          "type": "renderModule",
          "assetId": "d6LyhpMUyX",
          "checksum": "6fd28a704ab9f926e0546b74f9e15e27"
        },
        {
          "type": "cssRules",
          "assetId": "d6LyhpMUyX",
          "checksum": "6fd28a704ab9f926e0546b74f9e15e27"
        },
        {
          "type": "renderModule",
          "assetId": "MuQdqaRx3L",
          "checksum": "1fd26fea3bf3c08aee3213ae97b8d10f"
        },
        {
          "type": "cssRules",
          "assetId": "MuQdqaRx3L",
          "checksum": "1fd26fea3bf3c08aee3213ae97b8d10f"
        },
        {
          "type": "renderModule",
          "assetId": "-ltGw8pif2",
          "checksum": "fef3a14214c97dcdf72f7887cee8b400"
        },
        {
          "type": "cssRules",
          "assetId": "-ltGw8pif2",
          "checksum": "fef3a14214c97dcdf72f7887cee8b400"
        },
        {
          "type": "renderModule",
          "assetId": "TzSKfCEIuj",
          "checksum": "9a17c2490960640686aa32eebf3d0729"
        },
        {
          "type": "cssRules",
          "assetId": "TzSKfCEIuj",
          "checksum": "9a17c2490960640686aa32eebf3d0729"
        },
        {
          "type": "renderModule",
          "assetId": "aXvFg-kEwT",
          "checksum": "83d72a1882d5a6f798c4a7578e092899"
        },
        {
          "type": "cssRules",
          "assetId": "aXvFg-kEwT",
          "checksum": "83d72a1882d5a6f798c4a7578e092899"
        },
        {
          "type": "renderModule",
          "assetId": "dCWwOvecYH",
          "checksum": "fde3e92d172525dd560bc6edc2f8a492"
        },
        {
          "type": "cssRules",
          "assetId": "dCWwOvecYH",
          "checksum": "fde3e92d172525dd560bc6edc2f8a492"
        },
        {
          "type": "icon",
          "assetId": "_R8iMQS-_G",
          "checksum": "2c4637d04e19539bbc3dfbdcb2322985"
        },
        {
          "type": "icon",
          "assetId": "dIWqYvwQI",
          "checksum": "8c7ea3b10a37f8f18d5d57bf6cd96518"
        },
        {
          "type": "icon",
          "assetId": "o5ppeaks74",
          "checksum": "26cc282a9dc7991f2b367077d643fdb2"
        },
        {
          "type": "icon",
          "assetId": "jcMD299cpm",
          "checksum": "15a28e705adbfe98106e63547c940b9b"
        },
        {
          "type": "icon",
          "assetId": "F3iKvVwbFc",
          "checksum": "c7af1951b6bc3c86f27108af4961d6d7"
        },
        {
          "type": "icon",
          "assetId": "Po8b91h4Ib",
          "checksum": "6725d8aa231c4158af7535ca2405ab63"
        },
        {
          "type": "icon",
          "assetId": "geDjzkqb1f",
          "checksum": "ae8e8fb96a88ead44591dce9bf467cf4"
        },
        {
          "type": "icon",
          "assetId": "TtwEVZJGO9",
          "checksum": "965482070fb9d18136ff5b45dce30399"
        },
        {
          "type": "icon",
          "assetId": "_0LrdvY6Vr",
          "checksum": "8d351eb703a01fda33dbf10f3f5a93d0"
        },
        {
          "type": "icon",
          "assetId": "RRGTJB8DSY",
          "checksum": "8b8f607068a0b8769badd6e1a845ffe2"
        },
        {
          "type": "icon",
          "assetId": "0JrDb5qYXM",
          "checksum": "c36e2d8aa17460b17e456a9056e4c00e"
        },
        {
          "type": "icon",
          "assetId": "TciGcKVawk",
          "checksum": "cba437be4a2fe6c4c80571ad9b030dfe"
        },
        {
          "type": "icon",
          "assetId": "fbVVqxutSY",
          "checksum": "f0ec13c98f4b9e1635e67ae7b6e3eff0"
        },
        {
          "type": "icon",
          "assetId": "h9S1yezhrN",
          "checksum": "df93bee0dd078cced7449994ac70e751"
        },
        {
          "type": "icon",
          "assetId": "8LvDGNZXDg",
          "checksum": "62e45dbd93b6dff0bb12d8111fd215c0"
        },
        {
          "type": "icon",
          "assetId": "e94cPQNePJ",
          "checksum": "7a817b0ed76bec57770e2781b4281143"
        },
        {
          "type": "icon",
          "assetId": "UK_Oq6HO9-",
          "checksum": "99b4f31a7ff5f58f8dcc8a9531f8220a"
        },
        {
          "type": "icon",
          "assetId": "fhx-oSTxAr",
          "checksum": "1bd6ea84d3fd4121980edad27addf15c"
        },
        {
          "type": "icon",
          "assetId": "B2UScyHVki",
          "checksum": "aa687bafa7e82eb53e648c007f161b1b"
        },
        {
          "type": "icon",
          "assetId": "sSQ5EhSSn",
          "checksum": "3a3caa9ee84903e43e14c832ef76ef99"
        },
        {
          "type": "icon",
          "assetId": "0OrmAo3X9i",
          "checksum": "24e3ad43269fee8af389a2be3c9f7abe"
        },
        {
          "type": "icon",
          "assetId": "VOPzjHk6_f",
          "checksum": "ce70f85c11ef6d894736bb28215321e0"
        },
        {
          "type": "icon",
          "assetId": "M8z71GurjA",
          "checksum": "6726f73fb2702e4a66718f0066a9e777"
        },
        {
          "type": "icon",
          "assetId": "2Gh5liL0tt",
          "checksum": "9612675e0e30693a58feddeced071302"
        },
        {
          "type": "icon",
          "assetId": "omPvXSILN_",
          "checksum": "2d7209a0bc209f25068a5f8adac37fae"
        },
        {
          "type": "icon",
          "assetId": "4-rt81qQUT",
          "checksum": "2e709f730708dd8316b73871ff2f3fcf"
        },
        {
          "type": "icon",
          "assetId": "kiCS_P_bBf",
          "checksum": "136011d8ebba02afb93c8ecf3bf21168"
        },
        {
          "type": "icon",
          "assetId": "24yWQ0QNNz",
          "checksum": "ae5cf3a4e8352c38c27107b18095d9ae"
        },
        {
          "type": "icon",
          "assetId": "AYQQDPIzjN",
          "checksum": "184b2fc0b2b9b163ff9f81bbbf9de92a"
        },
        {
          "type": "icon",
          "assetId": "HMm7wJ5BWy",
          "checksum": "c3b32e0f737b08c9b8d3c1fe64a39bba"
        },
        {
          "type": "icon",
          "assetId": "O1BAixSaeO",
          "checksum": "331fc01d9ba05509ca8e061baf36bd3b"
        },
        {
          "type": "icon",
          "assetId": "FDbd6sO4RE",
          "checksum": "8027d6e4fff07305cbff9425419a380e"
        },
        {
          "type": "icon",
          "assetId": "VHFKoT2Pwt",
          "checksum": "c69f094918bae86e9e1d507cfd9aa7b0"
        },
        {
          "type": "icon",
          "assetId": "tdKqYMCNPy",
          "checksum": "7291826d99676dad61b1b33239ece999"
        },
        {
          "type": "icon",
          "assetId": "8uQGhxCs6g7",
          "checksum": "352728c73484b898d7681d8232906d33"
        },
        {
          "type": "icon",
          "assetId": "m7tcjlxRxDU",
          "checksum": "e12c740c0089ae7d8cbbee8906490a9e"
        },
        {
          "type": "icon",
          "assetId": "XDLlJBkpeL",
          "checksum": "1ed2f42b78a2361a8292c915c0e8018c"
        },
        {
          "type": "icon",
          "assetId": "_Nhb5CNBau",
          "checksum": "d113b2a78a10d53fb2ed799af62fea15"
        },
        {
          "type": "icon",
          "assetId": "A54nHQGwYN",
          "checksum": "3ca012b367417334ec3fe518671c7afc"
        },
        {
          "type": "image",
          "assetId": "3p4Bbq6v-e",
          "checksum": "cd093d9d9cd1310cc5e1effe9771ad85"
        },
        {
          "type": "image",
          "assetId": "XpI2S7pCl2",
          "checksum": "4aca1a0f854315beccc6b7c1229401b9"
        },
        {
          "type": "image",
          "assetId": "2Yribcd4Re",
          "checksum": "b6a6cc0cf39785896ee793b5b00ead47"
        },
        {
          "type": "image",
          "assetId": "lXDBKdTdld",
          "checksum": "bb491ac7b350e04cc3333ae15a901aee"
        },
        {
          "type": "image",
          "assetId": "0AqHmNqwHb",
          "checksum": "26e22a5b96e9316412543ef43910311c"
        },
        {
          "type": "image",
          "assetId": "5F5iMh5Zc8",
          "checksum": "ded96a6ddbc30b7491c38a779b9b879a"
        },
        {
          "type": "image",
          "assetId": "1j_RZkN8W1",
          "checksum": "58016baa54993d39d1afeb6081fd2247"
        },
        {
          "type": "image",
          "assetId": "sy_6atFLcw",
          "checksum": "db731177eaccfb0420d94301946eaafd"
        },
        {
          "type": "image",
          "assetId": "dPvYY3Aezt",
          "checksum": "be0443c0a53fa36fc609a853bc37b55d"
        },
        {
          "type": "image",
          "assetId": "N3d57bi7eY",
          "checksum": "53c1b5cd12b8d7fb6076667946987f8b"
        },
        {
          "type": "image",
          "assetId": "3C7lpGYSKw",
          "checksum": "ab3b65d7e832105e6a36889b3d173df9"
        },
        {
          "type": "image",
          "assetId": "RDAgRgLbVM",
          "checksum": "6447cacf7e110f6659155388a2ba068a"
        },
        {
          "type": "image",
          "assetId": "jbXsuRjgyW",
          "checksum": "50aade0516ca251736699b9604751b70"
        },
        {
          "type": "image",
          "assetId": "ojSCCnnGXD",
          "checksum": "50930d4ac155eed5c900798109c39e35"
        },
        {
          "type": "image",
          "assetId": "Jfv61N-20d",
          "checksum": "3f770d8cc7b70b6d835f5c73de0bfc49"
        },
        {
          "type": "image",
          "assetId": "CJwcR7Gcv2",
          "checksum": "31da37d09c99efc4c6ec97ef9aa90079"
        },
        {
          "type": "image",
          "assetId": "aAR6rvGTsG",
          "checksum": "90ae00a034eb58bb6c21c705a5f1d710"
        },
        {
          "type": "image",
          "assetId": "UlrRK0hz2r",
          "checksum": "f81535a8732d80f81d7c9c3261ea0233"
        },
        {
          "type": "image",
          "assetId": "9dAqs93KiL",
          "checksum": "0f4a0e9e0ca7403f7b5d82e841c1789e"
        },
        {
          "type": "image",
          "assetId": "V-gcXjQe9d",
          "checksum": "ac1474befdc78edad9b0ae2e384976a6"
        },
        {
          "type": "image",
          "assetId": "PJQjPdq9cN",
          "checksum": "bcd4f720cd64a32c84ef6fa2c5906cf5"
        },
        {
          "type": "image",
          "assetId": "fS_SCTBwiA",
          "checksum": "3eb31f27877c52e19c5dfcfc37db7648"
        },
        {
          "type": "image",
          "assetId": "qW8tj5mVVJ",
          "checksum": "ade0261323bfaef89552c4ae350dcd3b"
        },
        {
          "type": "image",
          "assetId": "z6JzSkiG0b",
          "checksum": "947080947efde5c52520c7319196fae7"
        },
        {
          "type": "image",
          "assetId": "RNRxAcJptj",
          "checksum": "e31d8ea5a58c71524596cc09257af924"
        },
        {
          "type": "image",
          "assetId": "MTjmTHO0y7",
          "checksum": "1d56b94e799e5f611a0986fb27c4bc03"
        }
      ]
    },
    {
      "projectId": "iiemr5oFHV2rT4bVfeUAHQ",
      "version": "latest",
      "dependencies": {
        "3SwC2F4BeXucfS9cpFbd24": "13.1.0"
      },
      "lang": "js",
      "fileLocks": [
        {
          "type": "globalVariant",
          "assetId": "p2CtqSIFAXxpMj",
          "checksum": "9058a010802da79f1650a8480c672ffb"
        },
        {
          "assetId": "iiemr5oFHV2rT4bVfeUAHQ",
          "type": "projectCss",
          "checksum": "579b3ffad11910a87be594abb6899ff5"
        },
        {
          "type": "renderModule",
          "assetId": "KM10DMtg68199a",
          "checksum": "c520d4ded6028a3326bdedb51969d4b8"
        },
        {
          "type": "cssRules",
          "assetId": "KM10DMtg68199a",
          "checksum": "c520d4ded6028a3326bdedb51969d4b8"
        },
        {
          "type": "icon",
          "assetId": "KbnyL9rcCgACxO",
          "checksum": "678ac60daac8a599cde6b52abb6a4b3a"
        },
        {
          "type": "icon",
          "assetId": "7gwq6LZHZYLJsh",
          "checksum": "3a267e45be0a38a66093ea2a5fc3b4b0"
        },
        {
          "type": "icon",
          "assetId": "-q4Y3kqCeJ2IjX",
          "checksum": "a8ebbb55df906cf170704760471bff3f"
        },
        {
          "type": "icon",
          "assetId": "XHwf2lHNdb7IW1",
          "checksum": "ab956b156c51f8ca7c7d4d0aa685045e"
        },
        {
          "type": "icon",
          "assetId": "9Z3pHb4f3X8HcK",
          "checksum": "41619e7e78726afd0cfc3f1420fe8192"
        }
      ]
    }
  ],
  "cliVersion": "0.1.154"
}
